# This file was autogenerated by Stack.
# You should not edit this file by hand.
# For more information, please see the documentation at:
#   https://docs.haskellstack.org/en/stable/lock_files

packages:
- completed:
    hackage: HaskellNet-SSL-0.3.4.1@sha256:3ca14dd69460a380cf69aed40654fb10c4c03e344632b6a9986568c87feda157,1843
    pantry-tree:
      size: 577
      sha256: 33fbfd0d8bbaa689f0169d442861dafcdcd4fe795a4b42aa0bedbfa41aa65b23
  original:
    hackage: HaskellNet-SSL-0.3.4.1@sha256:3ca14dd69460a380cf69aed40654fb10c4c03e344632b6a9986568c87feda157,1843
- completed:
    hackage: HaskellNet-0.5.1@sha256:53f2cfffb140740691296f905a70143c859b571eea3f5cf5f7a4642851d9e38a,1584
    pantry-tree:
      size: 1437
      sha256: e0806ea13b946dfc785bf9580e126cfcb8d3c6f21e1fbe313374745c3a8a8b99
  original:
    hackage: HaskellNet-0.5.1@sha256:53f2cfffb140740691296f905a70143c859b571eea3f5cf5f7a4642851d9e38a,1584
- completed:
    hackage: connection-0.2.8@sha256:b33ed18b274e9d65ffefcda46ba3d6ff852bec1e7ffcb686985228dc52631c2e,1525
    pantry-tree:
      size: 386
      sha256: c551e941b8b047a1f2ae6a44c15a405ddeb12132953dd6c782041c070ee3e358
  original:
    hackage: connection-0.2.8@sha256:b33ed18b274e9d65ffefcda46ba3d6ff852bec1e7ffcb686985228dc52631c2e,1525
- completed:
    hackage: data-default-0.7.1.1@sha256:2804e8d14f521a1edee88b68b66347448e7f3b685868290fdc55930e4471f5a9,645
    pantry-tree:
      size: 212
      sha256: 1db0dcb6890feff1b87ea180a4c4a0611cda399a700822bd75970a2b7ad02dbc
  original:
    hackage: data-default-0.7.1.1@sha256:2804e8d14f521a1edee88b68b66347448e7f3b685868290fdc55930e4471f5a9,645
- completed:
    hackage: network-2.8.0.1@sha256:0f165dffa752d8cde30c2bde86f80609c4f1dc5eeb3182d593041f97839c5b3b,3011
    pantry-tree:
      size: 2488
      sha256: 2dbdda2225969dcd452d983a2ac7e52341e5fc1df76103342c9fac08fc686931
  original:
    hackage: network-2.8.0.1@sha256:0f165dffa752d8cde30c2bde86f80609c4f1dc5eeb3182d593041f97839c5b3b,3011
- completed:
    hackage: tls-1.4.1@sha256:1b76f40f38016e622db7ea46fe162d299a16a6944862fda0f51b371b633d6062,6291
    pantry-tree:
      size: 4065
      sha256: 99242fd333cf5d9d7e5f20fd9575c681f1cec88bfb2c85e6192e5c037c86049c
  original:
    hackage: tls-1.4.1@sha256:1b76f40f38016e622db7ea46fe162d299a16a6944862fda0f51b371b633d6062,6291
- completed:
    hackage: asn1-encoding-0.9.6@sha256:3655d9a68c8c082e0d22f33456d968ad8c484d4e95308ad9217788b1c343d8a6,2067
    pantry-tree:
      size: 981
      sha256: c7f1125ca9384ee6852837b523e701e1817dc9dc3dc0803fba4b876cd655f3f2
  original:
    hackage: asn1-encoding-0.9.6@sha256:3655d9a68c8c082e0d22f33456d968ad8c484d4e95308ad9217788b1c343d8a6,2067
- completed:
    hackage: asn1-types-0.3.4@sha256:8e879b3a5bbdd0031232eb84d904b5a3a2c20a18847692b996d774f4ff811355,1025
    pantry-tree:
      size: 525
      sha256: 254adba538008f12853e83b8909ba11ef11e9b8bcb1edc3a97dc6fdb29dad45a
  original:
    hackage: asn1-types-0.3.4@sha256:8e879b3a5bbdd0031232eb84d904b5a3a2c20a18847692b996d774f4ff811355,1025
- completed:
    hackage: async-2.2.2@sha256:a178c166856da7ff22fe4500337b54812e94fd2059409452187d72e057ede9cd,2934
    pantry-tree:
      size: 501
      sha256: 647557f470dd934404806bcc7201ff9b2d440daaf11f570ac6a46d9b2ef42d98
  original:
    hackage: async-2.2.2@sha256:a178c166856da7ff22fe4500337b54812e94fd2059409452187d72e057ede9cd,2934
- completed:
    hackage: base64-string-0.2@sha256:73a03f359b1eb4eace537b999cbe6b8f670a79fbd0589a596772226378c78918,855
    pantry-tree:
      size: 362
      sha256: 6dbb80243a87c826e6fa718ab6350d82c7c787654cc9949d9423bc9837be3b5c
  original:
    hackage: base64-string-0.2@sha256:73a03f359b1eb4eace537b999cbe6b8f670a79fbd0589a596772226378c78918,855
- completed:
    hackage: byteable-0.1.1@sha256:12eeda93251d4b5d510ac95cf578f5c89d4a399b14ca73116deaf4921a516fdf,1080
    pantry-tree:
      size: 257
      sha256: 2c44627f5b4cd1d6493cbbcb745070d147083d1890669f7271e5847bb7a603b2
  original:
    hackage: byteable-0.1.1@sha256:12eeda93251d4b5d510ac95cf578f5c89d4a399b14ca73116deaf4921a516fdf,1080
- completed:
    hackage: cereal-0.5.8.1@sha256:37cb7a78c84412e94592a658768320c41f015f2b8707a433de835afb8ebc18d7,2767
    pantry-tree:
      size: 641
      sha256: 65ec816e5c39253f0060b8b1019450f5c6fa1e0c06c1c7b4a36f09e186a607fd
  original:
    hackage: cereal-0.5.8.1@sha256:37cb7a78c84412e94592a658768320c41f015f2b8707a433de835afb8ebc18d7,2767
- completed:
    hackage: cryptohash-0.11.9@sha256:59d9494ba0cc9eef087ecba2e12e4d3e2d3b0327dd1542af552e3dca0e7de70d,4230
    pantry-tree:
      size: 2259
      sha256: f916b60e1f935ee554beacae455b9d3bc79c083e6235d5f4b519cb6df00e4032
  original:
    hackage: cryptohash-0.11.9@sha256:59d9494ba0cc9eef087ecba2e12e4d3e2d3b0327dd1542af552e3dca0e7de70d,4230
- completed:
    hackage: cryptonite-0.26@sha256:43c722f3770c31f4c5376e7aa42645b104834103312e217aa7fe79316416d6df,17352
    pantry-tree:
      size: 22455
      sha256: cbec4c7bd57508339510f18df64827dbd65eb7ede00db07a463a36aecdda077c
  original:
    hackage: cryptonite-0.26@sha256:43c722f3770c31f4c5376e7aa42645b104834103312e217aa7fe79316416d6df,17352
- completed:
    hackage: data-default-class-0.1.2.0@sha256:63e62120b7efd733a5a17cf59ceb43268e9a929c748127172d7d42f4a336e327,542
    pantry-tree:
      size: 224
      sha256: 5017630b11698aefa65fc61cab84a257ce97833c968d425e1b2d53d6c3b5c096
  original:
    hackage: data-default-class-0.1.2.0@sha256:63e62120b7efd733a5a17cf59ceb43268e9a929c748127172d7d42f4a336e327,542
- completed:
    hackage: data-default-instances-containers-0.0.1@sha256:6e1f4b28028a3bc455aaf4b5a9104b71ea72cff78b1b8041863df7afd1a8deb3,527
    pantry-tree:
      size: 254
      sha256: 3e61b45fb5aa231cff29025b1d36561d7d6b17fa91cdddd15d854615a3fe1ae0
  original:
    hackage: data-default-instances-containers-0.0.1@sha256:6e1f4b28028a3bc455aaf4b5a9104b71ea72cff78b1b8041863df7afd1a8deb3,527
- completed:
    hackage: data-default-instances-dlist-0.0.1@sha256:4286abacbb256c392907701be16986a6e07f2beaf2778e7bd925465655d9e301,507
    pantry-tree:
      size: 244
      sha256: 705ebc2408e66631dac47e400fd963deaefe8a55de662b5f1950c47a590632ce
  original:
    hackage: data-default-instances-dlist-0.0.1@sha256:4286abacbb256c392907701be16986a6e07f2beaf2778e7bd925465655d9e301,507
- completed:
    hackage: data-default-instances-old-locale-0.0.1@sha256:d4a757f68f0f83531fcb34a4525fe6769c54a45182e28ffdfff19c2b0ace42fb,526
    pantry-tree:
      size: 253
      sha256: 91a62d701bea1432cc0126dd25005a4480e4a5082b2fae5e9d36f96fb8bbffb5
  original:
    hackage: data-default-instances-old-locale-0.0.1@sha256:d4a757f68f0f83531fcb34a4525fe6769c54a45182e28ffdfff19c2b0ace42fb,526
- completed:
    hackage: memory-0.15.0@sha256:be7024b50e876a9c3b7febaefdd81d5dc67268c58a7b4e6b3825bdc58274d88c,5002
    pantry-tree:
      size: 2509
      sha256: df13688e9516d23eab08bbec9d26338d072e85bf760b654335dc14289162988f
  original:
    hackage: memory-0.15.0@sha256:be7024b50e876a9c3b7febaefdd81d5dc67268c58a7b4e6b3825bdc58274d88c,5002
- completed:
    hackage: mime-mail-0.4.14@sha256:22e54d99c3f9f21004c929f0cf0c7ab75fcee5e0666c03517157be61be6fea93,1647
    pantry-tree:
      size: 439
      sha256: 85b015dbc632b2796dfc1b6b750f4a7906c62c4067af0f27460fbf38c712b6e4
  original:
    hackage: mime-mail-0.4.14@sha256:22e54d99c3f9f21004c929f0cf0c7ab75fcee5e0666c03517157be61be6fea93,1647
- completed:
    hackage: old-time-1.1.0.3@sha256:c91fbb3ee73d20ccd015842b30f1f29a304893ebe0ae3128b7bbc13d5bb0d4c8,1328
    pantry-tree:
      size: 810
      sha256: 890bbbdf4175a409efd7c7c9fe153b71680e33bebeb74c9351d7d9d3a59d3d0e
  original:
    hackage: old-time-1.1.0.3@sha256:c91fbb3ee73d20ccd015842b30f1f29a304893ebe0ae3128b7bbc13d5bb0d4c8,1328
- completed:
    hackage: socks-0.5.6@sha256:bb051589a00d18301556dbff82d89955a5534baf91a5e050e5f3a65f3415609c,1299
    pantry-tree:
      size: 693
      sha256: 4ef36ec31595199c8a18a9d33749aee3802b6ec056ec99effeb528262db9fd62
  original:
    hackage: socks-0.5.6@sha256:bb051589a00d18301556dbff82d89955a5534baf91a5e050e5f3a65f3415609c,1299
- completed:
    hackage: x509-1.7.5@sha256:01185a9a17bee4e89287d9e32bfaa673133cf2b09a39759627bed1f72ea528fd,2305
    pantry-tree:
      size: 1072
      sha256: 42cc162fbe2221555fb4d91e3de6699bc7731887c2c0e01ad79c8bf6ade988d9
  original:
    hackage: x509-1.7.5@sha256:01185a9a17bee4e89287d9e32bfaa673133cf2b09a39759627bed1f72ea528fd,2305
- completed:
    hackage: x509-store-1.6.7@sha256:a707b2f4ba3c02ebacd7ecd19e9f0c0b211b58270329c2c775a2c1df26820212,1781
    pantry-tree:
      size: 398
      sha256: 583026f9af3752de292e672472de40d4cddde83d6ec2cb72b896c1eea3dc1da3
  original:
    hackage: x509-store-1.6.7@sha256:a707b2f4ba3c02ebacd7ecd19e9f0c0b211b58270329c2c775a2c1df26820212,1781
- completed:
    hackage: x509-system-1.6.6@sha256:3a1b9cc26715d7cb3cd1a3f8b6153f12c2d42187ac5df305c3973c78a061db05,1418
    pantry-tree:
      size: 391
      sha256: f787ec9fe9d4ae10b1e28821bfc07e711755a043a4fafc74a0c6bedaab40f488
  original:
    hackage: x509-system-1.6.6@sha256:3a1b9cc26715d7cb3cd1a3f8b6153f12c2d42187ac5df305c3973c78a061db05,1418
- completed:
    hackage: x509-validation-1.6.11@sha256:7798c62717265a395f1092e6ad576f64b7876c289bb84353bddc0bb5a66c6b26,2169
    pantry-tree:
      size: 631
      sha256: 5a2bdfefa3438eff100c556fa55232b2de64badb832c614cade1ca147f215715
  original:
    hackage: x509-validation-1.6.11@sha256:7798c62717265a395f1092e6ad576f64b7876c289bb84353bddc0bb5a66c6b26,2169
- completed:
    hackage: asn1-parse-0.9.5@sha256:77c0126d63070df2d82cb4cfa4febb26c4e280f6d854bc778c2fa4d80ce692b8,976
    pantry-tree:
      size: 212
      sha256: 2a6766aa05af5b045ff2d097b5f99621f983d471e254079ef4e56acff26b2248
  original:
    hackage: asn1-parse-0.9.5@sha256:77c0126d63070df2d82cb4cfa4febb26c4e280f6d854bc778c2fa4d80ce692b8,976
- completed:
    hackage: base64-bytestring-1.0.0.3@sha256:6c82d900465345e30ff0eeb9a1374fbd2955c8e5ca6206e03669f04575830f88,2242
    pantry-tree:
      size: 848
      sha256: 580b3808ee3ee06468d56808639a6b46615ff385c64d977423817434d17a9888
  original:
    hackage: base64-bytestring-1.0.0.3@sha256:6c82d900465345e30ff0eeb9a1374fbd2955c8e5ca6206e03669f04575830f88,2242
- completed:
    hackage: basement-0.0.11@sha256:af43e2e334e515b52ca309919b135c51b5e9411e6d4c68d0e8950d61eb5f25d1,5711
    pantry-tree:
      size: 5859
      sha256: 2b5bdb5b5a3ede3676aef58f0524c38881128338aede213913e64e0c4430906e
  original:
    hackage: basement-0.0.11@sha256:af43e2e334e515b52ca309919b135c51b5e9411e6d4c68d0e8950d61eb5f25d1,5711
- completed:
    hackage: blaze-builder-0.4.1.0@sha256:fa992674ea28f6ea6569d93388d757aef928af1e2f0ce80a35c29fb782252a2d,3542
    pantry-tree:
      size: 3101
      sha256: 1e63ef498a5da58823348c064d5f183fd2e2cd6adcf494f02f41da084c66bc82
  original:
    hackage: blaze-builder-0.4.1.0@sha256:fa992674ea28f6ea6569d93388d757aef928af1e2f0ce80a35c29fb782252a2d,3542
- completed:
    hackage: dlist-0.8.0.7@sha256:a5be833204b0a4740cc67a715b9edd0e6f6bc28794445255f67d15d46c91fd42,2066
    pantry-tree:
      size: 426
      sha256: 0a33dda9769df2d277fa476aa5ee8d4ca19344f70e6db0242e201b3c35f2a727
  original:
    hackage: dlist-0.8.0.7@sha256:a5be833204b0a4740cc67a715b9edd0e6f6bc28794445255f67d15d46c91fd42,2066
- completed:
    hackage: hashable-1.3.0.0@sha256:4c70f1407881059e93550d3742191254296b2737b793a742bd901348fb3e1fb1,5206
    pantry-tree:
      size: 1521
      sha256: 84aba72926c33debd71fb9c670869d842025f8ea45ad10084289a34f0448250f
  original:
    hackage: hashable-1.3.0.0@sha256:4c70f1407881059e93550d3742191254296b2737b793a742bd901348fb3e1fb1,5206
- completed:
    hackage: hourglass-0.2.12@sha256:e083f5e030dfebe432e30a9c0fa07a99a54eac992f622442646be561fd7a44e8,3085
    pantry-tree:
      size: 1605
      sha256: 2b452cfac948057203679468e3e856e7fdf884c3c051f42bc52ba6253ca896e0
  original:
    hackage: hourglass-0.2.12@sha256:e083f5e030dfebe432e30a9c0fa07a99a54eac992f622442646be561fd7a44e8,3085
- completed:
    hackage: old-locale-1.0.0.7@sha256:fa998be2c7e00cd26a6e9075bea790caaf3932caa3e9497ad69bc20380dd6911,1071
    pantry-tree:
      size: 263
      sha256: 462ef15cb35164d585aa3860f717c9685fbf05578330490860abd544381d2e24
  original:
    hackage: old-locale-1.0.0.7@sha256:fa998be2c7e00cd26a6e9075bea790caaf3932caa3e9497ad69bc20380dd6911,1071
- completed:
    hackage: pem-0.2.4@sha256:cc8e62118b783e284dc0fa032f54fe386a3861a948ec88079370a433c103a705,1441
    pantry-tree:
      size: 425
      sha256: 2413dd2c97c72d6e00330057b158973faa6336de068a9be4d6fdcfd474485f77
  original:
    hackage: pem-0.2.4@sha256:cc8e62118b783e284dc0fa032f54fe386a3861a948ec88079370a433c103a705,1441
- completed:
    hackage: random-1.1@sha256:7b67624fd76ddf97c206de0801dc7e888097e9d572974be9b9ea6551d76965df,1777
    pantry-tree:
      size: 637
      sha256: 14a1b01728c5584e87c9fa00746a66e28ffd89dd2c0eabd334c8463953496e1b
  original:
    hackage: random-1.1@sha256:7b67624fd76ddf97c206de0801dc7e888097e9d572974be9b9ea6551d76965df,1777
snapshots: []
